
Microsoft Visual Studio Solution File, Format Version 12.00
# Visual Studio Version 17
VisualStudioVersion = 17.6.33723.286
MinimumVisualStudioVersion = 10.0.40219.1
Project("{9A19103F-16F7-4668-BE54-9A1E7A4F7556}") = "davidProj", "davidProj\davidProj.csproj", "{66884989-02EB-43CD-AC8F-AED8D11A4717}"
EndProject
Project("{9A19103F-16F7-4668-BE54-9A1E7A4F7556}") = "ConsoleApp1", "ConsoleApp1\ConsoleApp1.csproj", "{B53431D7-DF99-40B0-A520-609FBDA7810A}"
EndProject
Project("{FAE04EC0-301F-11D3-BF4B-00C04F79EFBC}") = "Test.Infrastructure.DavidUtils", "Test.Infrastructure.DavidUtils\Test.Infrastructure.DavidUtils.csproj", "{9F8D5A9E-715A-498C-80C3-CB368057B2BC}"
EndProject
Global
	GlobalSection(SolutionConfigurationPlatforms) = preSolution
		Debug|Any CPU = Debug|Any CPU
		Release|Any CPU = Release|Any CPU
	EndGlobalSection
	GlobalSection(ProjectConfigurationPlatforms) = postSolution
		{66884989-02EB-43CD-AC8F-AED8D11A4717}.Debug|Any CPU.ActiveCfg = Debug|Any CPU
		{66884989-02EB-43CD-AC8F-AED8D11A4717}.Debug|Any CPU.Build.0 = Debug|Any CPU
		{66884989-02EB-43CD-AC8F-AED8D11A4717}.Release|Any CPU.ActiveCfg = Release|Any CPU
		{66884989-02EB-43CD-AC8F-AED8D11A4717}.Release|Any CPU.Build.0 = Release|Any CPU
		{B53431D7-DF99-40B0-A520-609FBDA7810A}.Debug|Any CPU.ActiveCfg = Debug|Any CPU
		{B53431D7-DF99-40B0-A520-609FBDA7810A}.Debug|Any CPU.Build.0 = Debug|Any CPU
		{B53431D7-DF99-40B0-A520-609FBDA7810A}.Release|Any CPU.ActiveCfg = Release|Any CPU
		{B53431D7-DF99-40B0-A520-609FBDA7810A}.Release|Any CPU.Build.0 = Release|Any CPU
		{9F8D5A9E-715A-498C-80C3-CB368057B2BC}.Debug|Any CPU.ActiveCfg = Debug|Any CPU
		{9F8D5A9E-715A-498C-80C3-CB368057B2BC}.Debug|Any CPU.Build.0 = Debug|Any CPU
		{9F8D5A9E-715A-498C-80C3-CB368057B2BC}.Release|Any CPU.ActiveCfg = Release|Any CPU
		{9F8D5A9E-715A-498C-80C3-CB368057B2BC}.Release|Any CPU.Build.0 = Release|Any CPU
	EndGlobalSection
	GlobalSection(SolutionProperties) = preSolution
		HideSolutionNode = FALSE
	EndGlobalSection
	GlobalSection(ExtensibilityGlobals) = postSolution
		SolutionGuid = {3FD8F28B-D34F-4F2B-B5C2-8BFCEFCE5866}
	EndGlobalSection
EndGlobal
